<?xml version="1.0" encoding="utf-8"?>
<Project ToolsVersion="4.0" xmlns="http://schemas.microsoft.com/developer/msbuild/2003">
  <ItemGroup>
    <Filter Include="EngineCore">
      <UniqueIdentifier>{04E20003-F099-4250-59A1-1BAC4578DD40}</UniqueIdentifier>
    </Filter>
    <Filter Include="EngineCore\Events">
      <UniqueIdentifier>{68A16B3D-D4B7-69D3-1D2F-F5F489843A5B}</UniqueIdentifier>
    </Filter>
  </ItemGroup>
  <ItemGroup>
    <ClInclude Include="src\Engine.h" />
    <ClInclude Include="src\EngineCore\Application.h">
      <Filter>EngineCore</Filter>
    </ClInclude>
    <ClInclude Include="src\EngineCore\Core.h">
      <Filter>EngineCore</Filter>
    </ClInclude>
    <ClInclude Include="src\EngineCore\EntryPoint.h">
      <Filter>EngineCore</Filter>
    </ClInclude>
    <ClInclude Include="src\EngineCore\Events\ApplicationEvent.h">
      <Filter>EngineCore\Events</Filter>
    </ClInclude>
    <ClInclude Include="src\EngineCore\Events\Event.h">
      <Filter>EngineCore\Events</Filter>
    </ClInclude>
    <ClInclude Include="src\EngineCore\Events\KeyEvent.h">
      <Filter>EngineCore\Events</Filter>
    </ClInclude>
    <ClInclude Include="src\EngineCore\Events\MouseEvent.h">
      <Filter>EngineCore\Events</Filter>
    </ClInclude>
    <ClInclude Include="src\EngineCore\Log.h">
      <Filter>EngineCore</Filter>
    </ClInclude>
    <ClInclude Include="src\epch.h" />
  </ItemGroup>
  <ItemGroup>
    <ClCompile Include="src\EngineCore\Application.cpp">
      <Filter>EngineCore</Filter>
    </ClCompile>
    <ClCompile Include="src\EngineCore\Log.cpp">
      <Filter>EngineCore</Filter>
    </ClCompile>
    <ClCompile Include="src\ecph.cpp" />
  </ItemGroup>
</Project>